
Microsoft Visual Studio Solution File, Format Version 12.00
# Visual Studio Version 17
VisualStudioVersion = 17.0.31903.59
MinimumVisualStudioVersion = 10.0.40219.1
Project("{FAE04EC0-301F-11D3-BF4B-00C04F79EFBC}") = "IGL.Bindings", "IGL.Bindings\IGL.Bindings.csproj", "{A1B1C1D1-E1F1-4A4A-8A8A-1A1A1A1A1A1A}"
EndProject
Project("{FAE04EC0-301F-11D3-BF4B-00C04F79EFBC}") = "ThreeCubes", "ThreeCubes\ThreeCubes.csproj", "{B2C2D2E2-F2G2-4B4B-9B9B-2B2B2B2B2B2B}"
EndProject
Global
	GlobalSection(SolutionConfigurationPlatforms) = preSolution
		Debug|Any CPU = Debug|Any CPU
		Release|Any CPU = Release|Any CPU
	EndGlobalSection
	GlobalSection(ProjectConfigurationPlatforms) = postSolution
		{A1B1C1D1-E1F1-4A4A-8A8A-1A1A1A1A1A1A}.Debug|Any CPU.ActiveCfg = Debug|Any CPU
		{A1B1C1D1-E1F1-4A4A-8A8A-1A1A1A1A1A1A}.Debug|Any CPU.Build.0 = Debug|Any CPU
		{A1B1C1D1-E1F1-4A4A-8A8A-1A1A1A1A1A1A}.Release|Any CPU.ActiveCfg = Release|Any CPU
		{A1B1C1D1-E1F1-4A4A-8A8A-1A1A1A1A1A1A}.Release|Any CPU.Build.0 = Release|Any CPU
		{B2C2D2E2-F2G2-4B4B-9B9B-2B2B2B2B2B2B}.Debug|Any CPU.ActiveCfg = Debug|Any CPU
		{B2C2D2E2-F2G2-4B4B-9B9B-2B2B2B2B2B2B}.Debug|Any CPU.Build.0 = Debug|Any CPU
		{B2C2D2E2-F2G2-4B4B-9B9B-2B2B2B2B2B2B}.Release|Any CPU.ActiveCfg = Release|Any CPU
		{B2C2D2E2-F2G2-4B4B-9B9B-2B2B2B2B2B2B}.Release|Any CPU.Build.0 = Release|Any CPU
	EndGlobalSection
EndGlobal
